<?xml version="1.0" encoding="utf-8"?>
<Project ToolsVersion="4.0" xmlns="http://schemas.microsoft.com/developer/msbuild/2003">
  <ItemGroup>
    <Filter Include="Source Files">
      <UniqueIdentifier>{4FC737F1-C7A5-4376-A066-2A32D752A2FF}</UniqueIdentifier>
      <Extensions>cpp;c;cc;cxx;c++;cppm;ixx;def;odl;idl;hpj;bat;asm;asmx</Extensions>
    </Filter>
    <Filter Include="Header Files">
      <UniqueIdentifier>{93995380-89BD-4b04-88EB-625FBE52EBFB}</UniqueIdentifier>
      <Extensions>h;hh;hpp;hxx;h++;hm;inl;inc;ipp;xsd</Extensions>
    </Filter>
    <Filter Include="Resource Files">
      <UniqueIdentifier>{67DA6AB6-F800-4c08-8B7A-83BB121AAD01}</UniqueIdentifier>
      <Extensions>rc;ico;cur;bmp;dlg;rc2;rct;bin;rgs;gif;jpg;jpeg;jpe;resx;tiff;tif;png;wav;mfcribbon-ms</Extensions>
    </Filter>
    <Filter Include="Source Files\StrategyPattern">
      <UniqueIdentifier>{15f2c1af-c9db-435b-8d85-9ab714d48a24}</UniqueIdentifier>
    </Filter>
    <Filter Include="Source Files\ObserverPattern">
      <UniqueIdentifier>{ed01b438-04e4-4b38-b8bb-03debe88f2c0}</UniqueIdentifier>
    </Filter>
    <Filter Include="Source Files\DecoratorPattern">
      <UniqueIdentifier>{632b1cc0-bb88-454f-99d3-810fb6b12abd}</UniqueIdentifier>
    </Filter>
    <Filter Include="Source Files\FactoryPattern">
      <UniqueIdentifier>{d56d6e7f-8f55-40a6-8f78-90ead09666cf}</UniqueIdentifier>
    </Filter>
    <Filter Include="Source Files\CommandPattern">
      <UniqueIdentifier>{0ea1360c-f32c-49f4-835b-9cc67d005528}</UniqueIdentifier>
    </Filter>
    <Filter Include="Source Files\SingletonPattern">
      <UniqueIdentifier>{4811b652-e63b-4fb0-b445-de123105a292}</UniqueIdentifier>
    </Filter>
    <Filter Include="Source Files\TemplateMethodPattern">
      <UniqueIdentifier>{27a08c37-f13d-4fa3-ac11-e3daec8efbde}</UniqueIdentifier>
    </Filter>
    <Filter Include="Source Files\IteratorPattern">
      <UniqueIdentifier>{540025b4-082f-4148-b271-35ee54ba4b29}</UniqueIdentifier>
    </Filter>
  </ItemGroup>
  <ItemGroup>
    <ClCompile Include="DuckBehaviours.cpp">
      <Filter>Source Files\StrategyPattern</Filter>
    </ClCompile>
    <ClCompile Include="DuckCall.cpp">
      <Filter>Source Files\StrategyPattern</Filter>
    </ClCompile>
    <ClCompile Include="SimUDuck.cpp">
      <Filter>Source Files\StrategyPattern</Filter>
    </ClCompile>
    <ClCompile Include="main.cpp">
      <Filter>Source Files</Filter>
    </ClCompile>
    <ClCompile Include="WeatherData.cpp">
      <Filter>Source Files\ObserverPattern</Filter>
    </ClCompile>
    <ClCompile Include="Display.cpp">
      <Filter>Source Files\ObserverPattern</Filter>
    </ClCompile>
    <ClCompile Include="Beverage.cpp">
      <Filter>Source Files\DecoratorPattern</Filter>
    </ClCompile>
    <ClCompile Include="Condements.cpp">
      <Filter>Source Files\DecoratorPattern</Filter>
    </ClCompile>
    <ClCompile Include="IPizza.cpp">
      <Filter>Source Files\FactoryPattern</Filter>
    </ClCompile>
    <ClCompile Include="PizzaStore.cpp">
      <Filter>Source Files\FactoryPattern</Filter>
    </ClCompile>
    <ClCompile Include="IngredientsFactory.cpp">
      <Filter>Source Files\FactoryPattern</Filter>
    </ClCompile>
    <ClCompile Include="Command.cpp">
      <Filter>Source Files\CommandPattern</Filter>
    </ClCompile>
    <ClCompile Include="ChocolateBoiler.cpp">
      <Filter>Source Files\SingletonPattern</Filter>
    </ClCompile>
    <ClCompile Include="Invoker.cpp">
      <Filter>Source Files\CommandPattern</Filter>
    </ClCompile>
    <ClCompile Include="Receiver.cpp">
      <Filter>Source Files\CommandPattern</Filter>
    </ClCompile>
    <ClCompile Include="Brew.cpp">
      <Filter>Source Files\TemplateMethodPattern</Filter>
    </ClCompile>
    <ClCompile Include="Tea.cpp">
      <Filter>Source Files\TemplateMethodPattern</Filter>
    </ClCompile>
    <ClCompile Include="Coffee.cpp">
      <Filter>Source Files\TemplateMethodPattern</Filter>
    </ClCompile>
    <ClCompile Include="IIterator.cpp">
      <Filter>Source Files\IteratorPattern</Filter>
    </ClCompile>
    <ClCompile Include="PancakeHouseMenu.cpp">
      <Filter>Source Files\IteratorPattern</Filter>
    </ClCompile>
    <ClCompile Include="DinerMenu.cpp">
      <Filter>Source Files\IteratorPattern</Filter>
    </ClCompile>
    <ClCompile Include="Waitress.cpp">
      <Filter>Source Files\IteratorPattern</Filter>
    </ClCompile>
    <ClCompile Include="IMenu.cpp">
      <Filter>Source Files\IteratorPattern</Filter>
    </ClCompile>
    <ClCompile Include="MenuItem.cpp">
      <Filter>Source Files\IteratorPattern</Filter>
    </ClCompile>
  </ItemGroup>
  <ItemGroup>
    <ClInclude Include="DuckBehaviours.h">
      <Filter>Source Files\StrategyPattern</Filter>
    </ClInclude>
    <ClInclude Include="DuckCall.h">
      <Filter>Source Files\StrategyPattern</Filter>
    </ClInclude>
    <ClInclude Include="SimUDuck.h">
      <Filter>Source Files\StrategyPattern</Filter>
    </ClInclude>
    <ClInclude Include="WeatherData.h">
      <Filter>Source Files\ObserverPattern</Filter>
    </ClInclude>
    <ClInclude Include="Display.h">
      <Filter>Source Files\ObserverPattern</Filter>
    </ClInclude>
    <ClInclude Include="ISubject.h">
      <Filter>Source Files\ObserverPattern</Filter>
    </ClInclude>
    <ClInclude Include="IObserver.h">
      <Filter>Source Files\ObserverPattern</Filter>
    </ClInclude>
    <ClInclude Include="Beverage.h">
      <Filter>Source Files\DecoratorPattern</Filter>
    </ClInclude>
    <ClInclude Include="Condements.h">
      <Filter>Source Files\DecoratorPattern</Filter>
    </ClInclude>
    <ClInclude Include="IPizza.h">
      <Filter>Source Files\FactoryPattern</Filter>
    </ClInclude>
    <ClInclude Include="PizzaStore.h">
      <Filter>Source Files\FactoryPattern</Filter>
    </ClInclude>
    <ClInclude Include="Ingredients.h">
      <Filter>Source Files\FactoryPattern</Filter>
    </ClInclude>
    <ClInclude Include="IngredientsFactory.h">
      <Filter>Source Files\FactoryPattern</Filter>
    </ClInclude>
    <ClInclude Include="Command.h">
      <Filter>Source Files\CommandPattern</Filter>
    </ClInclude>
    <ClInclude Include="Invoker.h">
      <Filter>Source Files\CommandPattern</Filter>
    </ClInclude>
    <ClInclude Include="Receiver.h">
      <Filter>Source Files\CommandPattern</Filter>
    </ClInclude>
    <ClInclude Include="ChocolateBoiler.h">
      <Filter>Source Files\SingletonPattern</Filter>
    </ClInclude>
    <ClInclude Include="Brew.h">
      <Filter>Source Files\TemplateMethodPattern</Filter>
    </ClInclude>
    <ClInclude Include="Tea.h">
      <Filter>Source Files\TemplateMethodPattern</Filter>
    </ClInclude>
    <ClInclude Include="Coffee.h">
      <Filter>Source Files\TemplateMethodPattern</Filter>
    </ClInclude>
    <ClInclude Include="IIterator.h">
      <Filter>Source Files\IteratorPattern</Filter>
    </ClInclude>
    <ClInclude Include="PancakeHouseMenu.h">
      <Filter>Source Files\IteratorPattern</Filter>
    </ClInclude>
    <ClInclude Include="DinerMenu.h">
      <Filter>Source Files\IteratorPattern</Filter>
    </ClInclude>
    <ClInclude Include="Waitress.h">
      <Filter>Source Files\IteratorPattern</Filter>
    </ClInclude>
    <ClInclude Include="IMenu.h">
      <Filter>Source Files\IteratorPattern</Filter>
    </ClInclude>
    <ClInclude Include="MenuItem.h">
      <Filter>Source Files\IteratorPattern</Filter>
    </ClInclude>
  </ItemGroup>
</Project>